<?xml version="1.0" encoding="UTF-8" standalone="yes" ?>
<CodeBlocks_project_file>
	<FileVersion major="1" minor="6" />
	<Project>
		<Option title="dsload" />
		<Option makefile_is_custom="1" />
		<Option pch_mode="2" />
		<Option compiler="devkitarm_compiler_dummy" />
		<Build>
			<Target title="build">
				<Option type="4" />
				<Option compiler="devkitarm_compiler_dummy" />
				<Option parameters="$(PROJECT_DIR)$(PROJECT_NAME).nds" />
				<Option host_application="C:/devkitpro/emulators/desmume/DeSmuME_0.9.10_x86.exe" />
				<Option run_host_application_in_terminal="0" />
			</Target>
		</Build>
		<ExtraCommands>
			<Add before="rm -f $(PROJECT_NAME).nds" />
		</ExtraCommands>
		<Unit filename="Makefile" />
		<Unit filename="main.c">
			<Option compilerVar="CC" />
		</Unit>
		<Extensions>
			<code_completion />
			<envvars />
			<debugger />
		</Extensions>
	</Project>
</CodeBlocks_project_file>
